
Microsoft Visual Studio Solution File, Format Version 12.00
# Visual Studio Version 16
VisualStudioVersion = 16.0.30804.86
MinimumVisualStudioVersion = 10.0.40219.1
Project("{FAE04EC0-301F-11D3-BF4B-00C04F79EFBC}") = "ClassMetotDemo", "ClassMetotDemo\ClassMetotDemo.csproj", "{53AA86F5-C078-4430-96F4-50C46B456F57}"
EndProject
Global
	GlobalSection(SolutionConfigurationPlatforms) = preSolution
		Debug|Any CPU = Debug|Any CPU
		Release|Any CPU = Release|Any CPU
	EndGlobalSection
	GlobalSection(ProjectConfigurationPlatforms) = postSolution
		{53AA86F5-C078-4430-96F4-50C46B456F57}.Debug|Any CPU.ActiveCfg = Debug|Any CPU
		{53AA86F5-C078-4430-96F4-50C46B456F57}.Debug|Any CPU.Build.0 = Debug|Any CPU
		{53AA86F5-C078-4430-96F4-50C46B456F57}.Release|Any CPU.ActiveCfg = Release|Any CPU
		{53AA86F5-C078-4430-96F4-50C46B456F57}.Release|Any CPU.Build.0 = Release|Any CPU
	EndGlobalSection
	GlobalSection(SolutionProperties) = preSolution
		HideSolutionNode = FALSE
	EndGlobalSection
	GlobalSection(ExtensibilityGlobals) = postSolution
		SolutionGuid = {6C987FC6-E16D-438B-83F6-018C3651BB21}
	EndGlobalSection
EndGlobal
